
Microsoft Visual Studio Solution File, Format Version 12.00
# Visual Studio 2013
VisualStudioVersion = 12.0.21005.1
MinimumVisualStudioVersion = 10.0.40219.1
Project("{FAE04EC0-301F-11D3-BF4B-00C04F79EFBC}") = "LinguisticsBot", "LinguisticsBot\LinguisticsBot.csproj", "{C5ECECE7-19CB-4231-93EE-B70D3DCD8C31}"
EndProject
Project("{FAE04EC0-301F-11D3-BF4B-00C04F79EFBC}") = "XSAMPATest", "XSAMPATest\XSAMPATest.csproj", "{1E1FF346-E96D-4655-94CA-1C83504018E6}"
EndProject
Project("{FAE04EC0-301F-11D3-BF4B-00C04F79EFBC}") = "OEDTest", "OEDTest\OEDTest.csproj", "{07BCD3C5-7081-4BA5-BF1B-ED39555BF685}"
EndProject
Project("{FAE04EC0-301F-11D3-BF4B-00C04F79EFBC}") = "BIRCh", "..\BIRCh\BIRCh\BIRCh.csproj", "{3E2BB2F6-BA84-4163-A8F8-C0D4B01A427F}"
EndProject
Project("{FAE04EC0-301F-11D3-BF4B-00C04F79EFBC}") = "LinguisticsLibrary", "..\LinguisticsLibrary\LinguisticsLibrary\LinguisticsLibrary.csproj", "{4D44B53C-CC7C-4DB3-958D-AE13A91188A0}"
EndProject
Global
	GlobalSection(SolutionConfigurationPlatforms) = preSolution
		Debug|Any CPU = Debug|Any CPU
		Release|Any CPU = Release|Any CPU
	EndGlobalSection
	GlobalSection(ProjectConfigurationPlatforms) = postSolution
		{C5ECECE7-19CB-4231-93EE-B70D3DCD8C31}.Debug|Any CPU.ActiveCfg = Debug|Any CPU
		{C5ECECE7-19CB-4231-93EE-B70D3DCD8C31}.Debug|Any CPU.Build.0 = Debug|Any CPU
		{C5ECECE7-19CB-4231-93EE-B70D3DCD8C31}.Release|Any CPU.ActiveCfg = Release|Any CPU
		{C5ECECE7-19CB-4231-93EE-B70D3DCD8C31}.Release|Any CPU.Build.0 = Release|Any CPU
		{1E1FF346-E96D-4655-94CA-1C83504018E6}.Debug|Any CPU.ActiveCfg = Debug|Any CPU
		{1E1FF346-E96D-4655-94CA-1C83504018E6}.Debug|Any CPU.Build.0 = Debug|Any CPU
		{1E1FF346-E96D-4655-94CA-1C83504018E6}.Release|Any CPU.ActiveCfg = Release|Any CPU
		{1E1FF346-E96D-4655-94CA-1C83504018E6}.Release|Any CPU.Build.0 = Release|Any CPU
		{07BCD3C5-7081-4BA5-BF1B-ED39555BF685}.Debug|Any CPU.ActiveCfg = Debug|Any CPU
		{07BCD3C5-7081-4BA5-BF1B-ED39555BF685}.Debug|Any CPU.Build.0 = Debug|Any CPU
		{07BCD3C5-7081-4BA5-BF1B-ED39555BF685}.Release|Any CPU.ActiveCfg = Release|Any CPU
		{07BCD3C5-7081-4BA5-BF1B-ED39555BF685}.Release|Any CPU.Build.0 = Release|Any CPU
		{3E2BB2F6-BA84-4163-A8F8-C0D4B01A427F}.Debug|Any CPU.ActiveCfg = Debug|Any CPU
		{3E2BB2F6-BA84-4163-A8F8-C0D4B01A427F}.Debug|Any CPU.Build.0 = Debug|Any CPU
		{3E2BB2F6-BA84-4163-A8F8-C0D4B01A427F}.Release|Any CPU.ActiveCfg = Release|Any CPU
		{3E2BB2F6-BA84-4163-A8F8-C0D4B01A427F}.Release|Any CPU.Build.0 = Release|Any CPU
		{4D44B53C-CC7C-4DB3-958D-AE13A91188A0}.Debug|Any CPU.ActiveCfg = Debug|Any CPU
		{4D44B53C-CC7C-4DB3-958D-AE13A91188A0}.Debug|Any CPU.Build.0 = Debug|Any CPU
		{4D44B53C-CC7C-4DB3-958D-AE13A91188A0}.Release|Any CPU.ActiveCfg = Release|Any CPU
		{4D44B53C-CC7C-4DB3-958D-AE13A91188A0}.Release|Any CPU.Build.0 = Release|Any CPU
	EndGlobalSection
	GlobalSection(SolutionProperties) = preSolution
		HideSolutionNode = FALSE
	EndGlobalSection
EndGlobal
